// !$*UTF8*$!
{
	archiveVersion = 1;
	classes = {
	};
	objectVersion = 56;
	objects = {

/* Begin PBXBuildFile section */
		5AA606302A023231009F040A /* AppDelegate.swift in Sources */ = {isa = PBXBuildFile; fileRef = 5AA6062F2A023231009F040A /* AppDelegate.swift */; };
		5AA606322A023231009F040A /* SceneDelegate.swift in Sources */ = {isa = PBXBuildFile; fileRef = 5AA606312A023231009F040A /* SceneDelegate.swift */; };
		5AA606342A023231009F040A /* ViewController.swift in Sources */ = {isa = PBXBuildFile; fileRef = 5AA606332A023231009F040A /* ViewController.swift */; };
		5AA606392A023233009F040A /* Assets.xcassets in Resources */ = {isa = PBXBuildFile; fileRef = 5AA606382A023233009F040A /* Assets.xcassets */; };
		5AA6063C2A023233009F040A /* LaunchScreen.storyboard in Resources */ = {isa = PBXBuildFile; fileRef = 5AA6063A2A023233009F040A /* LaunchScreen.storyboard */; };
		5AA6064A2A023906009F040A /* SearchBarView.swift in Sources */ = {isa = PBXBuildFile; fileRef = 5AA606492A023906009F040A /* SearchBarView.swift */; };
		5AA606502A02B094009F040A /* WeatherData.swift in Sources */ = {isa = PBXBuildFile; fileRef = 5AA6064F2A02B094009F040A /* WeatherData.swift */; };
		5AA606522A02B128009F040A /* WeatherApiManager.swift in Sources */ = {isa = PBXBuildFile; fileRef = 5AA606512A02B128009F040A /* WeatherApiManager.swift */; };
		5AA606552A02B1AA009F040A /* WeatherModel.swift in Sources */ = {isa = PBXBuildFile; fileRef = 5AA606542A02B1AA009F040A /* WeatherModel.swift */; };
		5AA606582A02B3B7009F040A /* .Config.swift in Sources */ = {isa = PBXBuildFile; fileRef = 5AA606572A02B3B7009F040A /* .Config.swift */; };
		5AA6065A2A03B7D7009F040A /* ViewController+Extentions.swift in Sources */ = {isa = PBXBuildFile; fileRef = 5AA606592A03B7D7009F040A /* ViewController+Extentions.swift */; };
/* End PBXBuildFile section */

/* Begin PBXFileReference section */
		5AA6062C2A023231009F040A /* WeatherApp.app */ = {isa = PBXFileReference; explicitFileType = wrapper.application; includeInIndex = 0; path = WeatherApp.app; sourceTree = BUILT_PRODUCTS_DIR; };
		5AA6062F2A023231009F040A /* AppDelegate.swift */ = {isa = PBXFileReference; lastKnownFileType = sourcecode.swift; path = AppDelegate.swift; sourceTree = "<group>"; };
		5AA606312A023231009F040A /* SceneDelegate.swift */ = {isa = PBXFileReference; lastKnownFileType = sourcecode.swift; path = SceneDelegate.swift; sourceTree = "<group>"; };
		5AA606332A023231009F040A /* ViewController.swift */ = {isa = PBXFileReference; lastKnownFileType = sourcecode.swift; path = ViewController.swift; sourceTree = "<group>"; };
		5AA606382A023233009F040A /* Assets.xcassets */ = {isa = PBXFileReference; lastKnownFileType = folder.assetcatalog; path = Assets.xcassets; sourceTree = "<group>"; };
		5AA6063B2A023233009F040A /* Base */ = {isa = PBXFileReference; lastKnownFileType = file.storyboard; name = Base; path = Base.lproj/LaunchScreen.storyboard; sourceTree = "<group>"; };
		5AA6063D2A023233009F040A /* Info.plist */ = {isa = PBXFileReference; lastKnownFileType = text.plist.xml; path = Info.plist; sourceTree = "<group>"; };
		5AA606492A023906009F040A /* SearchBarView.swift */ = {isa = PBXFileReference; lastKnownFileType = sourcecode.swift; path = SearchBarView.swift; sourceTree = "<group>"; };
		5AA6064F2A02B094009F040A /* WeatherData.swift */ = {isa = PBXFileReference; lastKnownFileType = sourcecode.swift; path = WeatherData.swift; sourceTree = "<group>"; };
		5AA606512A02B128009F040A /* WeatherApiManager.swift */ = {isa = PBXFileReference; lastKnownFileType = sourcecode.swift; path = WeatherApiManager.swift; sourceTree = "<group>"; };
		5AA606542A02B1AA009F040A /* WeatherModel.swift */ = {isa = PBXFileReference; lastKnownFileType = sourcecode.swift; path = WeatherModel.swift; sourceTree = "<group>"; };
		5AA606572A02B3B7009F040A /* .Config.swift */ = {isa = PBXFileReference; lastKnownFileType = sourcecode.swift; path = .Config.swift; sourceTree = "<group>"; };
		5AA606592A03B7D7009F040A /* ViewController+Extentions.swift */ = {isa = PBXFileReference; lastKnownFileType = sourcecode.swift; path = "ViewController+Extentions.swift"; sourceTree = "<group>"; };
/* End PBXFileReference section */

/* Begin PBXFrameworksBuildPhase section */
		5AA606292A023231009F040A /* Frameworks */ = {
			isa = PBXFrameworksBuildPhase;
			buildActionMask = 2147483647;
			files = (
			);
			runOnlyForDeploymentPostprocessing = 0;
		};
/* End PBXFrameworksBuildPhase section */

/* Begin PBXGroup section */
		5AA606232A023231009F040A = {
			isa = PBXGroup;
			children = (
				5AA6062E2A023231009F040A /* WeatherApp */,
				5AA6062D2A023231009F040A /* Products */,
			);
			sourceTree = "<group>";
		};
		5AA6062D2A023231009F040A /* Products */ = {
			isa = PBXGroup;
			children = (
				5AA6062C2A023231009F040A /* WeatherApp.app */,
			);
			name = Products;
			sourceTree = "<group>";
		};
		5AA6062E2A023231009F040A /* WeatherApp */ = {
			isa = PBXGroup;
			children = (
				5AA606562A02B3A3009F040A /* Core */,
				5AA606442A0233FC009F040A /* Startup */,
				5AA606472A02341C009F040A /* Repositories */,
				5AA606462A023417009F040A /* View */,
				5AA606432A0233EA009F040A /* ViewController */,
				5AA606452A02340E009F040A /* Model */,
				5AA606382A023233009F040A /* Assets.xcassets */,
				5AA6063A2A023233009F040A /* LaunchScreen.storyboard */,
				5AA6063D2A023233009F040A /* Info.plist */,
			);
			path = WeatherApp;
			sourceTree = "<group>";
		};
		5AA606432A0233EA009F040A /* ViewController */ = {
			isa = PBXGroup;
			children = (
				5AA606332A023231009F040A /* ViewController.swift */,
				5AA606592A03B7D7009F040A /* ViewController+Extentions.swift */,
			);
			path = ViewController;
			sourceTree = "<group>";
		};
		5AA606442A0233FC009F040A /* Startup */ = {
			isa = PBXGroup;
			children = (
				5AA6062F2A023231009F040A /* AppDelegate.swift */,
				5AA606312A023231009F040A /* SceneDelegate.swift */,
			);
			path = Startup;
			sourceTree = "<group>";
		};
		5AA606452A02340E009F040A /* Model */ = {
			isa = PBXGroup;
			children = (
				5AA6064F2A02B094009F040A /* WeatherData.swift */,
				5AA606542A02B1AA009F040A /* WeatherModel.swift */,
			);
			path = Model;
			sourceTree = "<group>";
		};
		5AA606462A023417009F040A /* View */ = {
			isa = PBXGroup;
			children = (
				5AA606482A0238DA009F040A /* subViews */,
			);
			path = View;
			sourceTree = "<group>";
		};
		5AA606472A02341C009F040A /* Repositories */ = {
			isa = PBXGroup;
			children = (
				5AA606512A02B128009F040A /* WeatherApiManager.swift */,
			);
			path = Repositories;
			sourceTree = "<group>";
		};
		5AA606482A0238DA009F040A /* subViews */ = {
			isa = PBXGroup;
			children = (
				5AA606492A023906009F040A /* SearchBarView.swift */,
			);
			path = subViews;
			sourceTree = "<group>";
		};
		5AA606562A02B3A3009F040A /* Core */ = {
			isa = PBXGroup;
			children = (
				5AA606572A02B3B7009F040A /* .Config.swift */,
			);
			path = Core;
			sourceTree = "<group>";
		};
/* End PBXGroup section */

/* Begin PBXNativeTarget section */
		5AA6062B2A023231009F040A /* WeatherApp */ = {
			isa = PBXNativeTarget;
			buildConfigurationList = 5AA606402A023233009F040A /* Build configuration list for PBXNativeTarget "WeatherApp" */;
			buildPhases = (
				5AA606282A023231009F040A /* Sources */,
				5AA606292A023231009F040A /* Frameworks */,
				5AA6062A2A023231009F040A /* Resources */,
			);
			buildRules = (
			);
			dependencies = (
			);
			name = WeatherApp;
			productName = WeatherApp;
			productReference = 5AA6062C2A023231009F040A /* WeatherApp.app */;
			productType = "com.apple.product-type.application";
		};
/* End PBXNativeTarget section */

/* Begin PBXProject section */
		5AA606242A023231009F040A /* Project object */ = {
			isa = PBXProject;
			attributes = {
				BuildIndependentTargetsInParallel = 1;
				LastSwiftUpdateCheck = 1420;
				LastUpgradeCheck = 1420;
				TargetAttributes = {
					5AA6062B2A023231009F040A = {
						CreatedOnToolsVersion = 14.2;
					};
				};
			};
			buildConfigurationList = 5AA606272A023231009F040A /* Build configuration list for PBXProject "WeatherApp" */;
			compatibilityVersion = "Xcode 14.0";
			developmentRegion = en;
			hasScannedForEncodings = 0;
			knownRegions = (
				en,
				Base,
			);
			mainGroup = 5AA606232A023231009F040A;
			productRefGroup = 5AA6062D2A023231009F040A /* Products */;
			projectDirPath = "";
			projectRoot = "";
			targets = (
				5AA6062B2A023231009F040A /* WeatherApp */,
			);
		};
/* End PBXProject section */

/* Begin PBXResourcesBuildPhase section */
		5AA6062A2A023231009F040A /* Resources */ = {
			isa = PBXResourcesBuildPhase;
			buildActionMask = 2147483647;
			files = (
				5AA6063C2A023233009F040A /* LaunchScreen.storyboard in Resources */,
				5AA606392A023233009F040A /* Assets.xcassets in Resources */,
			);
			runOnlyForDeploymentPostprocessing = 0;
		};
/* End PBXResourcesBuildPhase section */

/* Begin PBXSourcesBuildPhase section */
		5AA606282A023231009F040A /* Sources */ = {
			isa = PBXSourcesBuildPhase;
			buildActionMask = 2147483647;
			files = (
				5AA6064A2A023906009F040A /* SearchBarView.swift in Sources */,
				5AA606502A02B094009F040A /* WeatherData.swift in Sources */,
				5AA606342A023231009F040A /* ViewController.swift in Sources */,
				5AA606552A02B1AA009F040A /* WeatherModel.swift in Sources */,
				5AA606302A023231009F040A /* AppDelegate.swift in Sources */,
				5AA6065A2A03B7D7009F040A /* ViewController+Extentions.swift in Sources */,
				5AA606322A023231009F040A /* SceneDelegate.swift in Sources */,
				5AA606582A02B3B7009F040A /* .Config.swift in Sources */,
				5AA606522A02B128009F040A /* WeatherApiManager.swift in Sources */,
			);
			runOnlyForDeploymentPostprocessing = 0;
		};
/* End PBXSourcesBuildPhase section */

/* Begin PBXVariantGroup section */
		5AA6063A2A023233009F040A /* LaunchScreen.storyboard */ = {
			isa = PBXVariantGroup;
			children = (
				5AA6063B2A023233009F040A /* Base */,
			);
			name = LaunchScreen.storyboard;
			sourceTree = "<group>";
		};
/* End PBXVariantGroup section */

/* Begin XCBuildConfiguration section */
		5AA6063E2A023233009F040A /* Debug */ = {
			isa = XCBuildConfiguration;
			buildSettings = {
				ALWAYS_SEARCH_USER_PATHS = NO;
				CLANG_ANALYZER_NONNULL = YES;
				CLANG_ANALYZER_NUMBER_OBJECT_CONVERSION = YES_AGGRESSIVE;
				CLANG_CXX_LANGUAGE_STANDARD = "gnu++20";
				CLANG_ENABLE_MODULES = YES;
				CLANG_ENABLE_OBJC_ARC = YES;
				CLANG_ENABLE_OBJC_WEAK = YES;
				CLANG_WARN_BLOCK_CAPTURE_AUTORELEASING = YES;
				CLANG_WARN_BOOL_CONVERSION = YES;
				CLANG_WARN_COMMA = YES;
				CLANG_WARN_CONSTANT_CONVERSION = YES;
				CLANG_WARN_DEPRECATED_OBJC_IMPLEMENTATIONS = YES;
				CLANG_WARN_DIRECT_OBJC_ISA_USAGE = YES_ERROR;
				CLANG_WARN_DOCUMENTATION_COMMENTS = YES;
				CLANG_WARN_EMPTY_BODY = YES;
				CLANG_WARN_ENUM_CONVERSION = YES;
				CLANG_WARN_INFINITE_RECURSION = YES;
				CLANG_WARN_INT_CONVERSION = YES;
				CLANG_WARN_NON_LITERAL_NULL_CONVERSION = YES;
				CLANG_WARN_OBJC_IMPLICIT_RETAIN_SELF = YES;
				CLANG_WARN_OBJC_LITERAL_CONVERSION = YES;
				CLANG_WARN_OBJC_ROOT_CLASS = YES_ERROR;
				CLANG_WARN_QUOTED_INCLUDE_IN_FRAMEWORK_HEADER = YES;
				CLANG_WARN_RANGE_LOOP_ANALYSIS = YES;
				CLANG_WARN_STRICT_PROTOTYPES = YES;
				CLANG_WARN_SUSPICIOUS_MOVE = YES;
				CLANG_WARN_UNGUARDED_AVAILABILITY = YES_AGGRESSIVE;
				CLANG_WARN_UNREACHABLE_CODE = YES;
				CLANG_WARN__DUPLICATE_METHOD_MATCH = YES;
				COPY_PHASE_STRIP = NO;
				DEBUG_INFORMATION_FORMAT = dwarf;
				ENABLE_STRICT_OBJC_MSGSEND = YES;
				ENABLE_TESTABILITY = YES;
				GCC_C_LANGUAGE_STANDARD = gnu11;
				GCC_DYNAMIC_NO_PIC = NO;
				GCC_NO_COMMON_BLOCKS = YES;
				GCC_OPTIMIZATION_LEVEL = 0;
				GCC_PREPROCESSOR_DEFINITIONS = (
					"DEBUG=1",
					"$(inherited)",
				);
				GCC_WARN_64_TO_32_BIT_CONVERSION = YES;
				GCC_WARN_ABOUT_RETURN_TYPE = YES_ERROR;
				GCC_WARN_UNDECLARED_SELECTOR = YES;
				GCC_WARN_UNINITIALIZED_AUTOS = YES_AGGRESSIVE;
				GCC_WARN_UNUSED_FUNCTION = YES;
				GCC_WARN_UNUSED_VARIABLE = YES;
				IPHONEOS_DEPLOYMENT_TARGET = 11.0;
				MTL_ENABLE_DEBUG_INFO = INCLUDE_SOURCE;
				MTL_FAST_MATH = YES;
				ONLY_ACTIVE_ARCH = YES;
				SDKROOT = iphoneos;
				SWIFT_ACTIVE_COMPILATION_CONDITIONS = DEBUG;
				SWIFT_OPTIMIZATION_LEVEL = "-Onone";
			};
			name = Debug;
		};
		5AA6063F2A023233009F040A /* Release */ = {
			isa = XCBuildConfiguration;
			buildSettings = {
				ALWAYS_SEARCH_USER_PATHS = NO;
				CLANG_ANALYZER_NONNULL = YES;
				CLANG_ANALYZER_NUMBER_OBJECT_CONVERSION = YES_AGGRESSIVE;
				CLANG_CXX_LANGUAGE_STANDARD = "gnu++20";
				CLANG_ENABLE_MODULES = YES;
				CLANG_ENABLE_OBJC_ARC = YES;
				CLANG_ENABLE_OBJC_WEAK = YES;
				CLANG_WARN_BLOCK_CAPTURE_AUTORELEASING = YES;
				CLANG_WARN_BOOL_CONVERSION = YES;
				CLANG_WARN_COMMA = YES;
				CLANG_WARN_CONSTANT_CONVERSION = YES;
				CLANG_WARN_DEPRECATED_OBJC_IMPLEMENTATIONS = YES;
				CLANG_WARN_DIRECT_OBJC_ISA_USAGE = YES_ERROR;
				CLANG_WARN_DOCUMENTATION_COMMENTS = YES;
				CLANG_WARN_EMPTY_BODY = YES;
				CLANG_WARN_ENUM_CONVERSION = YES;
				CLANG_WARN_INFINITE_RECURSION = YES;
				CLANG_WARN_INT_CONVERSION = YES;
				CLANG_WARN_NON_LITERAL_NULL_CONVERSION = YES;
				CLANG_WARN_OBJC_IMPLICIT_RETAIN_SELF = YES;
				CLANG_WARN_OBJC_LITERAL_CONVERSION = YES;
				CLANG_WARN_OBJC_ROOT_CLASS = YES_ERROR;
				CLANG_WARN_QUOTED_INCLUDE_IN_FRAMEWORK_HEADER = YES;
				CLANG_WARN_RANGE_LOOP_ANALYSIS = YES;
				CLANG_WARN_STRICT_PROTOTYPES = YES;
				CLANG_WARN_SUSPICIOUS_MOVE = YES;
				CLANG_WARN_UNGUARDED_AVAILABILITY = YES_AGGRESSIVE;
				CLANG_WARN_UNREACHABLE_CODE = YES;
				CLANG_WARN__DUPLICATE_METHOD_MATCH = YES;
				COPY_PHASE_STRIP = NO;
				DEBUG_INFORMATION_FORMAT = "dwarf-with-dsym";
				ENABLE_NS_ASSERTIONS = NO;
				ENABLE_STRICT_OBJC_MSGSEND = YES;
				GCC_C_LANGUAGE_STANDARD = gnu11;
				GCC_NO_COMMON_BLOCKS = YES;
				GCC_WARN_64_TO_32_BIT_CONVERSION = YES;
				GCC_WARN_ABOUT_RETURN_TYPE = YES_ERROR;
				GCC_WARN_UNDECLARED_SELECTOR = YES;
				GCC_WARN_UNINITIALIZED_AUTOS = YES_AGGRESSIVE;
				GCC_WARN_UNUSED_FUNCTION = YES;
				GCC_WARN_UNUSED_VARIABLE = YES;
				IPHONEOS_DEPLOYMENT_TARGET = 11.0;
				MTL_ENABLE_DEBUG_INFO = NO;
				MTL_FAST_MATH = YES;
				SDKROOT = iphoneos;
				SWIFT_COMPILATION_MODE = wholemodule;
				SWIFT_OPTIMIZATION_LEVEL = "-O";
				VALIDATE_PRODUCT = YES;
			};
			name = Release;
		};
		5AA606412A023233009F040A /* Debug */ = {
			isa = XCBuildConfiguration;
			buildSettings = {
				ASSETCATALOG_COMPILER_APPICON_NAME = AppIcon;
				ASSETCATALOG_COMPILER_GLOBAL_ACCENT_COLOR_NAME = AccentColor;
				CODE_SIGN_STYLE = Automatic;
				CURRENT_PROJECT_VERSION = 1;
				GENERATE_INFOPLIST_FILE = YES;
				INFOPLIST_FILE = WeatherApp/Info.plist;
				INFOPLIST_KEY_UIApplicationSupportsIndirectInputEvents = YES;
				INFOPLIST_KEY_UILaunchStoryboardName = LaunchScreen;
				INFOPLIST_KEY_UISupportedInterfaceOrientations_iPad = "UIInterfaceOrientationPortrait UIInterfaceOrientationPortraitUpsideDown UIInterfaceOrientationLandscapeLeft UIInterfaceOrientationLandscapeRight";
				INFOPLIST_KEY_UISupportedInterfaceOrientations_iPhone = "UIInterfaceOrientationPortrait UIInterfaceOrientationLandscapeLeft UIInterfaceOrientationLandscapeRight";
				IPHONEOS_DEPLOYMENT_TARGET = 11.0;
				LD_RUNPATH_SEARCH_PATHS = (
					"$(inherited)",
					"@executable_path/Frameworks",
				);
				MARKETING_VERSION = 1.0;
				PRODUCT_BUNDLE_IDENTIFIER = com.Kangajan.WeatherApp;
				PRODUCT_NAME = "$(TARGET_NAME)";
				SUPPORTED_PLATFORMS = "iphoneos iphonesimulator";
				SUPPORTS_MACCATALYST = NO;
				SUPPORTS_MAC_DESIGNED_FOR_IPHONE_IPAD = NO;
				SWIFT_EMIT_LOC_STRINGS = YES;
				SWIFT_VERSION = 5.0;
				TARGETED_DEVICE_FAMILY = 1;
			};
			name = Debug;
		};
		5AA606422A023233009F040A /* Release */ = {
			isa = XCBuildConfiguration;
			buildSettings = {
				ASSETCATALOG_COMPILER_APPICON_NAME = AppIcon;
				ASSETCATALOG_COMPILER_GLOBAL_ACCENT_COLOR_NAME = AccentColor;
				CODE_SIGN_STYLE = Automatic;
				CURRENT_PROJECT_VERSION = 1;
				GENERATE_INFOPLIST_FILE = YES;
				INFOPLIST_FILE = WeatherApp/Info.plist;
				INFOPLIST_KEY_UIApplicationSupportsIndirectInputEvents = YES;
				INFOPLIST_KEY_UILaunchStoryboardName = LaunchScreen;
				INFOPLIST_KEY_UISupportedInterfaceOrientations_iPad = "UIInterfaceOrientationPortrait UIInterfaceOrientationPortraitUpsideDown UIInterfaceOrientationLandscapeLeft UIInterfaceOrientationLandscapeRight";
				INFOPLIST_KEY_UISupportedInterfaceOrientations_iPhone = "UIInterfaceOrientationPortrait UIInterfaceOrientationLandscapeLeft UIInterfaceOrientationLandscapeRight";
				IPHONEOS_DEPLOYMENT_TARGET = 11.0;
				LD_RUNPATH_SEARCH_PATHS = (
					"$(inherited)",
					"@executable_path/Frameworks",
				);
				MARKETING_VERSION = 1.0;
				PRODUCT_BUNDLE_IDENTIFIER = com.Kangajan.WeatherApp;
				PRODUCT_NAME = "$(TARGET_NAME)";
				SUPPORTED_PLATFORMS = "iphoneos iphonesimulator";
				SUPPORTS_MACCATALYST = NO;
				SUPPORTS_MAC_DESIGNED_FOR_IPHONE_IPAD = NO;
				SWIFT_EMIT_LOC_STRINGS = YES;
				SWIFT_VERSION = 5.0;
				TARGETED_DEVICE_FAMILY = 1;
			};
			name = Release;
		};
/* End XCBuildConfiguration section */

/* Begin XCConfigurationList section */
		5AA606272A023231009F040A /* Build configuration list for PBXProject "WeatherApp" */ = {
			isa = XCConfigurationList;
			buildConfigurations = (
				5AA6063E2A023233009F040A /* Debug */,
				5AA6063F2A023233009F040A /* Release */,
			);
			defaultConfigurationIsVisible = 0;
			defaultConfigurationName = Release;
		};
		5AA606402A023233009F040A /* Build configuration list for PBXNativeTarget "WeatherApp" */ = {
			isa = XCConfigurationList;
			buildConfigurations = (
				5AA606412A023233009F040A /* Debug */,
				5AA606422A023233009F040A /* Release */,
			);
			defaultConfigurationIsVisible = 0;
			defaultConfigurationName = Release;
		};
/* End XCConfigurationList section */
	};
	rootObject = 5AA606242A023231009F040A /* Project object */;
}
